
Microsoft Visual Studio Solution File, Format Version 12.00
# Visual Studio 15
Project("{FAE04EC0-301F-11D3-BF4B-00C04F79EFBC}") = "Assembly-CSharp", "Assembly-CSharp.csproj", "{1C2F4A23-8CDB-D3BA-6BB4-EFA4D1B95A69}"
EndProject
Project("{FAE04EC0-301F-11D3-BF4B-00C04F79EFBC}") = "Assembly-CSharp-Editor", "Assembly-CSharp-Editor.csproj", "{D058DCC6-A93A-F6EB-B41E-795628B53FFB}"
EndProject
Global
	GlobalSection(SolutionConfigurationPlatforms) = preSolution
		Debug|Any CPU = Debug|Any CPU
		Release|Any CPU = Release|Any CPU
	EndGlobalSection
	GlobalSection(ProjectConfigurationPlatforms) = postSolution
		{1C2F4A23-8CDB-D3BA-6BB4-EFA4D1B95A69}.Debug|Any CPU.ActiveCfg = Debug|Any CPU
		{1C2F4A23-8CDB-D3BA-6BB4-EFA4D1B95A69}.Debug|Any CPU.Build.0 = Debug|Any CPU
		{1C2F4A23-8CDB-D3BA-6BB4-EFA4D1B95A69}.Release|Any CPU.ActiveCfg = Release|Any CPU
		{1C2F4A23-8CDB-D3BA-6BB4-EFA4D1B95A69}.Release|Any CPU.Build.0 = Release|Any CPU
		{D058DCC6-A93A-F6EB-B41E-795628B53FFB}.Debug|Any CPU.ActiveCfg = Debug|Any CPU
		{D058DCC6-A93A-F6EB-B41E-795628B53FFB}.Debug|Any CPU.Build.0 = Debug|Any CPU
		{D058DCC6-A93A-F6EB-B41E-795628B53FFB}.Release|Any CPU.ActiveCfg = Release|Any CPU
		{D058DCC6-A93A-F6EB-B41E-795628B53FFB}.Release|Any CPU.Build.0 = Release|Any CPU
	EndGlobalSection
	GlobalSection(SolutionProperties) = preSolution
		HideSolutionNode = FALSE
	EndGlobalSection
EndGlobal
